
Microsoft Visual Studio Solution File, Format Version 12.00
# Visual Studio Version 17
VisualStudioVersion = 17.2.32616.157
MinimumVisualStudioVersion = 10.0.40219.1
Project("{00D1A9C2-B5F0-4AF3-8072-F6C62B433612}") = "WorldWideImporters_LTD", "WorldWideImporters_LTD.sqlproj", "{9C1C86CD-9434-40DD-9D15-4663558178D8}"
EndProject
Global
	GlobalSection(SolutionConfigurationPlatforms) = preSolution
		Debug|Any CPU = Debug|Any CPU
		Release|Any CPU = Release|Any CPU
	EndGlobalSection
	GlobalSection(ProjectConfigurationPlatforms) = postSolution
		{9C1C86CD-9434-40DD-9D15-4663558178D8}.Debug|Any CPU.ActiveCfg = Debug|Any CPU
		{9C1C86CD-9434-40DD-9D15-4663558178D8}.Debug|Any CPU.Build.0 = Debug|Any CPU
		{9C1C86CD-9434-40DD-9D15-4663558178D8}.Debug|Any CPU.Deploy.0 = Debug|Any CPU
		{9C1C86CD-9434-40DD-9D15-4663558178D8}.Release|Any CPU.ActiveCfg = Release|Any CPU
		{9C1C86CD-9434-40DD-9D15-4663558178D8}.Release|Any CPU.Build.0 = Release|Any CPU
		{9C1C86CD-9434-40DD-9D15-4663558178D8}.Release|Any CPU.Deploy.0 = Release|Any CPU
	EndGlobalSection
	GlobalSection(SolutionProperties) = preSolution
		HideSolutionNode = FALSE
	EndGlobalSection
	GlobalSection(ExtensibilityGlobals) = postSolution
		SolutionGuid = {CF6AE9D6-D64A-4A5A-AC3F-0493DBC2C93B}
	EndGlobalSection
EndGlobal
